
Microsoft Visual Studio Solution File, Format Version 12.00
# Visual Studio Version 16
VisualStudioVersion = 16.0.29025.244
MinimumVisualStudioVersion = 10.0.40219.1
Project("{8BC9CEB8-8B4A-11D0-8D11-00A0C91BC942}") = "进程控制", "进程控制.vcxproj", "{418D9E3D-6693-4DEC-8278-159A365BAC77}"
EndProject
Global
	GlobalSection(SolutionConfigurationPlatforms) = preSolution
		Debug|x64 = Debug|x64
		Debug|x86 = Debug|x86
		Release|x64 = Release|x64
		Release|x86 = Release|x86
	EndGlobalSection
	GlobalSection(ProjectConfigurationPlatforms) = postSolution
		{418D9E3D-6693-4DEC-8278-159A365BAC77}.Debug|x64.ActiveCfg = Debug|x64
		{418D9E3D-6693-4DEC-8278-159A365BAC77}.Debug|x64.Build.0 = Debug|x64
		{418D9E3D-6693-4DEC-8278-159A365BAC77}.Debug|x86.ActiveCfg = Debug|Win32
		{418D9E3D-6693-4DEC-8278-159A365BAC77}.Debug|x86.Build.0 = Debug|Win32
		{418D9E3D-6693-4DEC-8278-159A365BAC77}.Release|x64.ActiveCfg = Release|x64
		{418D9E3D-6693-4DEC-8278-159A365BAC77}.Release|x64.Build.0 = Release|x64
		{418D9E3D-6693-4DEC-8278-159A365BAC77}.Release|x86.ActiveCfg = Release|Win32
		{418D9E3D-6693-4DEC-8278-159A365BAC77}.Release|x86.Build.0 = Release|Win32
	EndGlobalSection
	GlobalSection(SolutionProperties) = preSolution
		HideSolutionNode = FALSE
	EndGlobalSection
	GlobalSection(ExtensibilityGlobals) = postSolution
		SolutionGuid = {C0E9EABC-DD6F-4559-A76F-DE70036A726B}
	EndGlobalSection
EndGlobal
